
Microsoft Visual Studio Solution File, Format Version 12.00
# Visual Studio Version 17
VisualStudioVersion = 17.13.35931.197
MinimumVisualStudioVersion = 10.0.40219.1
Project("{FAE04EC0-301F-11D3-BF4B-00C04F79EFBC}") = "DapperProject", "DapperProject\DapperProject.csproj", "{4EC43AAE-1853-49F9-8EE0-F53265EF8256}"
EndProject
Global
	GlobalSection(SolutionConfigurationPlatforms) = preSolution
		Debug|Any CPU = Debug|Any CPU
		Release|Any CPU = Release|Any CPU
	EndGlobalSection
	GlobalSection(ProjectConfigurationPlatforms) = postSolution
		{4EC43AAE-1853-49F9-8EE0-F53265EF8256}.Debug|Any CPU.ActiveCfg = Debug|Any CPU
		{4EC43AAE-1853-49F9-8EE0-F53265EF8256}.Debug|Any CPU.Build.0 = Debug|Any CPU
		{4EC43AAE-1853-49F9-8EE0-F53265EF8256}.Release|Any CPU.ActiveCfg = Release|Any CPU
		{4EC43AAE-1853-49F9-8EE0-F53265EF8256}.Release|Any CPU.Build.0 = Release|Any CPU
	EndGlobalSection
	GlobalSection(SolutionProperties) = preSolution
		HideSolutionNode = FALSE
	EndGlobalSection
	GlobalSection(ExtensibilityGlobals) = postSolution
		SolutionGuid = {6142E873-BF66-4B0D-B718-3FEBD42C464F}
	EndGlobalSection
EndGlobal
